
Microsoft Visual Studio Solution File, Format Version 12.00
# Visual Studio Version 17
VisualStudioVersion = 17.0.31903.59
MinimumVisualStudioVersion = 10.0.40219.1
Project("{9A19103F-16F7-4668-BE54-9A1E7A4F7556}") = "JNCC.PublicWebsite", "JNCC.PublicWebsite\JNCC.PublicWebsite.csproj", "{E29269C9-7014-448E-BA12-EBFC9705C680}"
EndProject
Project("{9A19103F-16F7-4668-BE54-9A1E7A4F7556}") = "JNCC.PublicWebsite.Core", "JNCC.PublicWebsite.Core\JNCC.PublicWebsite.Core.csproj", "{DA1A2A8C-4040-4958-9ABE-2D5E40CC9DAF}"
EndProject
Global
	GlobalSection(SolutionConfigurationPlatforms) = preSolution
		Debug|Any CPU = Debug|Any CPU
		Development|Any CPU = Development|Any CPU
		Release|Any CPU = Release|Any CPU
		Staging|Any CPU = Staging|Any CPU
	EndGlobalSection
	GlobalSection(ProjectConfigurationPlatforms) = postSolution
		{E29269C9-7014-448E-BA12-EBFC9705C680}.Debug|Any CPU.ActiveCfg = Debug|Any CPU
		{E29269C9-7014-448E-BA12-EBFC9705C680}.Debug|Any CPU.Build.0 = Debug|Any CPU
		{E29269C9-7014-448E-BA12-EBFC9705C680}.Development|Any CPU.ActiveCfg = Debug|Any CPU
		{E29269C9-7014-448E-BA12-EBFC9705C680}.Development|Any CPU.Build.0 = Debug|Any CPU
		{E29269C9-7014-448E-BA12-EBFC9705C680}.Release|Any CPU.ActiveCfg = Release|Any CPU
		{E29269C9-7014-448E-BA12-EBFC9705C680}.Release|Any CPU.Build.0 = Release|Any CPU
		{E29269C9-7014-448E-BA12-EBFC9705C680}.Staging|Any CPU.ActiveCfg = Release|Any CPU
		{E29269C9-7014-448E-BA12-EBFC9705C680}.Staging|Any CPU.Build.0 = Release|Any CPU
		{DA1A2A8C-4040-4958-9ABE-2D5E40CC9DAF}.Debug|Any CPU.ActiveCfg = Debug|Any CPU
		{DA1A2A8C-4040-4958-9ABE-2D5E40CC9DAF}.Debug|Any CPU.Build.0 = Debug|Any CPU
		{DA1A2A8C-4040-4958-9ABE-2D5E40CC9DAF}.Development|Any CPU.ActiveCfg = Development|Any CPU
		{DA1A2A8C-4040-4958-9ABE-2D5E40CC9DAF}.Development|Any CPU.Build.0 = Development|Any CPU
		{DA1A2A8C-4040-4958-9ABE-2D5E40CC9DAF}.Release|Any CPU.ActiveCfg = Release|Any CPU
		{DA1A2A8C-4040-4958-9ABE-2D5E40CC9DAF}.Release|Any CPU.Build.0 = Release|Any CPU
		{DA1A2A8C-4040-4958-9ABE-2D5E40CC9DAF}.Staging|Any CPU.ActiveCfg = Staging|Any CPU
		{DA1A2A8C-4040-4958-9ABE-2D5E40CC9DAF}.Staging|Any CPU.Build.0 = Staging|Any CPU
	EndGlobalSection
	GlobalSection(SolutionProperties) = preSolution
		HideSolutionNode = FALSE
	EndGlobalSection
	GlobalSection(ExtensibilityGlobals) = postSolution
		SolutionGuid = {83F0C261-5172-4F31-907B-53BF124E9509}
	EndGlobalSection
EndGlobal
